{
  "object": {
    "pins": [
      {
        "package": "DNSProtocols",
        "repositoryURL": "git@github.com:DoubleNode/DNSProtocols.git",
        "state": {
          "branch": null,
          "revision": "960055d6d34b8d7663e2bf76e2360eab8f27abbb",
          "version": "1.0.5"
        }
      }
    ]
  },
  "version": 1
}
